// !$*UTF8*$!
{
	archiveVersion = 1;
	classes = {
	};
	objectVersion = 48;
	objects = {

/* Begin PBXBuildFile section */
		357011761FFE366200C031C4 /* AppDelegate.swift in Sources */ = {isa = PBXBuildFile; fileRef = 357011751FFE366200C031C4 /* AppDelegate.swift */; };
		357011781FFE366200C031C4 /* Document.swift in Sources */ = {isa = PBXBuildFile; fileRef = 357011771FFE366200C031C4 /* Document.swift */; };
		3570117B1FFE366200C031C4 /* Document.xib in Resources */ = {isa = PBXBuildFile; fileRef = 357011791FFE366200C031C4 /* Document.xib */; };
		3570117D1FFE366200C031C4 /* Assets.xcassets in Resources */ = {isa = PBXBuildFile; fileRef = 3570117C1FFE366200C031C4 /* Assets.xcassets */; };
		357011801FFE366200C031C4 /* MainMenu.xib in Resources */ = {isa = PBXBuildFile; fileRef = 3570117E1FFE366200C031C4 /* MainMenu.xib */; };
		3570118C1FFE366200C031C4 /* TuTuNotesTests.swift in Sources */ = {isa = PBXBuildFile; fileRef = 3570118B1FFE366200C031C4 /* TuTuNotesTests.swift */; };
		357011971FFE366200C031C4 /* TuTuNotesUITests.swift in Sources */ = {isa = PBXBuildFile; fileRef = 357011961FFE366200C031C4 /* TuTuNotesUITests.swift */; };
/* End PBXBuildFile section */

/* Begin PBXContainerItemProxy section */
		357011881FFE366200C031C4 /* PBXContainerItemProxy */ = {
			isa = PBXContainerItemProxy;
			containerPortal = 3570116A1FFE366100C031C4 /* Project object */;
			proxyType = 1;
			remoteGlobalIDString = 357011711FFE366200C031C4;
			remoteInfo = TuTuNotes;
		};
		357011931FFE366200C031C4 /* PBXContainerItemProxy */ = {
			isa = PBXContainerItemProxy;
			containerPortal = 3570116A1FFE366100C031C4 /* Project object */;
			proxyType = 1;
			remoteGlobalIDString = 357011711FFE366200C031C4;
			remoteInfo = TuTuNotes;
		};
/* End PBXContainerItemProxy section */

/* Begin PBXFileReference section */
		357011721FFE366200C031C4 /* TuTuNotes.app */ = {isa = PBXFileReference; explicitFileType = wrapper.application; includeInIndex = 0; path = TuTuNotes.app; sourceTree = BUILT_PRODUCTS_DIR; };
		357011751FFE366200C031C4 /* AppDelegate.swift */ = {isa = PBXFileReference; lastKnownFileType = sourcecode.swift; path = AppDelegate.swift; sourceTree = "<group>"; };
		357011771FFE366200C031C4 /* Document.swift */ = {isa = PBXFileReference; lastKnownFileType = sourcecode.swift; path = Document.swift; sourceTree = "<group>"; };
		3570117A1FFE366200C031C4 /* Base */ = {isa = PBXFileReference; lastKnownFileType = file.xib; name = Base; path = Base.lproj/Document.xib; sourceTree = "<group>"; };
		3570117C1FFE366200C031C4 /* Assets.xcassets */ = {isa = PBXFileReference; lastKnownFileType = folder.assetcatalog; path = Assets.xcassets; sourceTree = "<group>"; };
		3570117F1FFE366200C031C4 /* Base */ = {isa = PBXFileReference; lastKnownFileType = file.xib; name = Base; path = Base.lproj/MainMenu.xib; sourceTree = "<group>"; };
		357011811FFE366200C031C4 /* Info.plist */ = {isa = PBXFileReference; lastKnownFileType = text.plist.xml; path = Info.plist; sourceTree = "<group>"; };
		357011821FFE366200C031C4 /* TuTuNotes.entitlements */ = {isa = PBXFileReference; lastKnownFileType = text.plist.entitlements; path = TuTuNotes.entitlements; sourceTree = "<group>"; };
		357011871FFE366200C031C4 /* TuTuNotesTests.xctest */ = {isa = PBXFileReference; explicitFileType = wrapper.cfbundle; includeInIndex = 0; path = TuTuNotesTests.xctest; sourceTree = BUILT_PRODUCTS_DIR; };
		3570118B1FFE366200C031C4 /* TuTuNotesTests.swift */ = {isa = PBXFileReference; lastKnownFileType = sourcecode.swift; path = TuTuNotesTests.swift; sourceTree = "<group>"; };
		3570118D1FFE366200C031C4 /* Info.plist */ = {isa = PBXFileReference; lastKnownFileType = text.plist.xml; path = Info.plist; sourceTree = "<group>"; };
		357011921FFE366200C031C4 /* TuTuNotesUITests.xctest */ = {isa = PBXFileReference; explicitFileType = wrapper.cfbundle; includeInIndex = 0; path = TuTuNotesUITests.xctest; sourceTree = BUILT_PRODUCTS_DIR; };
		357011961FFE366200C031C4 /* TuTuNotesUITests.swift */ = {isa = PBXFileReference; lastKnownFileType = sourcecode.swift; path = TuTuNotesUITests.swift; sourceTree = "<group>"; };
		357011981FFE366200C031C4 /* Info.plist */ = {isa = PBXFileReference; lastKnownFileType = text.plist.xml; path = Info.plist; sourceTree = "<group>"; };
/* End PBXFileReference section */

/* Begin PBXFrameworksBuildPhase section */
		3570116F1FFE366200C031C4 /* Frameworks */ = {
			isa = PBXFrameworksBuildPhase;
			buildActionMask = 2147483647;
			files = (
			);
			runOnlyForDeploymentPostprocessing = 0;
		};
		357011841FFE366200C031C4 /* Frameworks */ = {
			isa = PBXFrameworksBuildPhase;
			buildActionMask = 2147483647;
			files = (
			);
			runOnlyForDeploymentPostprocessing = 0;
		};
		3570118F1FFE366200C031C4 /* Frameworks */ = {
			isa = PBXFrameworksBuildPhase;
			buildActionMask = 2147483647;
			files = (
			);
			runOnlyForDeploymentPostprocessing = 0;
		};
/* End PBXFrameworksBuildPhase section */

/* Begin PBXGroup section */
		357011691FFE366100C031C4 = {
			isa = PBXGroup;
			children = (
				357011741FFE366200C031C4 /* TuTuNotes */,
				3570118A1FFE366200C031C4 /* TuTuNotesTests */,
				357011951FFE366200C031C4 /* TuTuNotesUITests */,
				357011731FFE366200C031C4 /* Products */,
			);
			sourceTree = "<group>";
		};
		357011731FFE366200C031C4 /* Products */ = {
			isa = PBXGroup;
			children = (
				357011721FFE366200C031C4 /* TuTuNotes.app */,
				357011871FFE366200C031C4 /* TuTuNotesTests.xctest */,
				357011921FFE366200C031C4 /* TuTuNotesUITests.xctest */,
			);
			name = Products;
			sourceTree = "<group>";
		};
		357011741FFE366200C031C4 /* TuTuNotes */ = {
			isa = PBXGroup;
			children = (
				357011751FFE366200C031C4 /* AppDelegate.swift */,
				357011771FFE366200C031C4 /* Document.swift */,
				357011791FFE366200C031C4 /* Document.xib */,
				3570117C1FFE366200C031C4 /* Assets.xcassets */,
				3570117E1FFE366200C031C4 /* MainMenu.xib */,
				357011811FFE366200C031C4 /* Info.plist */,
				357011821FFE366200C031C4 /* TuTuNotes.entitlements */,
			);
			path = TuTuNotes;
			sourceTree = "<group>";
		};
		3570118A1FFE366200C031C4 /* TuTuNotesTests */ = {
			isa = PBXGroup;
			children = (
				3570118B1FFE366200C031C4 /* TuTuNotesTests.swift */,
				3570118D1FFE366200C031C4 /* Info.plist */,
			);
			path = TuTuNotesTests;
			sourceTree = "<group>";
		};
		357011951FFE366200C031C4 /* TuTuNotesUITests */ = {
			isa = PBXGroup;
			children = (
				357011961FFE366200C031C4 /* TuTuNotesUITests.swift */,
				357011981FFE366200C031C4 /* Info.plist */,
			);
			path = TuTuNotesUITests;
			sourceTree = "<group>";
		};
/* End PBXGroup section */

/* Begin PBXNativeTarget section */
		357011711FFE366200C031C4 /* TuTuNotes */ = {
			isa = PBXNativeTarget;
			buildConfigurationList = 3570119B1FFE366200C031C4 /* Build configuration list for PBXNativeTarget "TuTuNotes" */;
			buildPhases = (
				3570116E1FFE366200C031C4 /* Sources */,
				3570116F1FFE366200C031C4 /* Frameworks */,
				357011701FFE366200C031C4 /* Resources */,
			);
			buildRules = (
			);
			dependencies = (
			);
			name = TuTuNotes;
			productName = TuTuNotes;
			productReference = 357011721FFE366200C031C4 /* TuTuNotes.app */;
			productType = "com.apple.product-type.application";
		};
		357011861FFE366200C031C4 /* TuTuNotesTests */ = {
			isa = PBXNativeTarget;
			buildConfigurationList = 3570119E1FFE366200C031C4 /* Build configuration list for PBXNativeTarget "TuTuNotesTests" */;
			buildPhases = (
				357011831FFE366200C031C4 /* Sources */,
				357011841FFE366200C031C4 /* Frameworks */,
				357011851FFE366200C031C4 /* Resources */,
			);
			buildRules = (
			);
			dependencies = (
				357011891FFE366200C031C4 /* PBXTargetDependency */,
			);
			name = TuTuNotesTests;
			productName = TuTuNotesTests;
			productReference = 357011871FFE366200C031C4 /* TuTuNotesTests.xctest */;
			productType = "com.apple.product-type.bundle.unit-test";
		};
		357011911FFE366200C031C4 /* TuTuNotesUITests */ = {
			isa = PBXNativeTarget;
			buildConfigurationList = 357011A11FFE366200C031C4 /* Build configuration list for PBXNativeTarget "TuTuNotesUITests" */;
			buildPhases = (
				3570118E1FFE366200C031C4 /* Sources */,
				3570118F1FFE366200C031C4 /* Frameworks */,
				357011901FFE366200C031C4 /* Resources */,
			);
			buildRules = (
			);
			dependencies = (
				357011941FFE366200C031C4 /* PBXTargetDependency */,
			);
			name = TuTuNotesUITests;
			productName = TuTuNotesUITests;
			productReference = 357011921FFE366200C031C4 /* TuTuNotesUITests.xctest */;
			productType = "com.apple.product-type.bundle.ui-testing";
		};
/* End PBXNativeTarget section */

/* Begin PBXProject section */
		3570116A1FFE366100C031C4 /* Project object */ = {
			isa = PBXProject;
			attributes = {
				LastSwiftUpdateCheck = 0920;
				LastUpgradeCheck = 0920;
				ORGANIZATIONNAME = "贺赟生";
				TargetAttributes = {
					357011711FFE366200C031C4 = {
						CreatedOnToolsVersion = 9.2;
						ProvisioningStyle = Automatic;
					};
					357011861FFE366200C031C4 = {
						CreatedOnToolsVersion = 9.2;
						ProvisioningStyle = Automatic;
						TestTargetID = 357011711FFE366200C031C4;
					};
					357011911FFE366200C031C4 = {
						CreatedOnToolsVersion = 9.2;
						ProvisioningStyle = Automatic;
						TestTargetID = 357011711FFE366200C031C4;
					};
				};
			};
			buildConfigurationList = 3570116D1FFE366100C031C4 /* Build configuration list for PBXProject "TuTuNotes" */;
			compatibilityVersion = "Xcode 8.0";
			developmentRegion = en;
			hasScannedForEncodings = 0;
			knownRegions = (
				en,
				Base,
			);
			mainGroup = 357011691FFE366100C031C4;
			productRefGroup = 357011731FFE366200C031C4 /* Products */;
			projectDirPath = "";
			projectRoot = "";
			targets = (
				357011711FFE366200C031C4 /* TuTuNotes */,
				357011861FFE366200C031C4 /* TuTuNotesTests */,
				357011911FFE366200C031C4 /* TuTuNotesUITests */,
			);
		};
/* End PBXProject section */

/* Begin PBXResourcesBuildPhase section */
		357011701FFE366200C031C4 /* Resources */ = {
			isa = PBXResourcesBuildPhase;
			buildActionMask = 2147483647;
			files = (
				3570117D1FFE366200C031C4 /* Assets.xcassets in Resources */,
				3570117B1FFE366200C031C4 /* Document.xib in Resources */,
				357011801FFE366200C031C4 /* MainMenu.xib in Resources */,
			);
			runOnlyForDeploymentPostprocessing = 0;
		};
		357011851FFE366200C031C4 /* Resources */ = {
			isa = PBXResourcesBuildPhase;
			buildActionMask = 2147483647;
			files = (
			);
			runOnlyForDeploymentPostprocessing = 0;
		};
		357011901FFE366200C031C4 /* Resources */ = {
			isa = PBXResourcesBuildPhase;
			buildActionMask = 2147483647;
			files = (
			);
			runOnlyForDeploymentPostprocessing = 0;
		};
/* End PBXResourcesBuildPhase section */

/* Begin PBXSourcesBuildPhase section */
		3570116E1FFE366200C031C4 /* Sources */ = {
			isa = PBXSourcesBuildPhase;
			buildActionMask = 2147483647;
			files = (
				357011781FFE366200C031C4 /* Document.swift in Sources */,
				357011761FFE366200C031C4 /* AppDelegate.swift in Sources */,
			);
			runOnlyForDeploymentPostprocessing = 0;
		};
		357011831FFE366200C031C4 /* Sources */ = {
			isa = PBXSourcesBuildPhase;
			buildActionMask = 2147483647;
			files = (
				3570118C1FFE366200C031C4 /* TuTuNotesTests.swift in Sources */,
			);
			runOnlyForDeploymentPostprocessing = 0;
		};
		3570118E1FFE366200C031C4 /* Sources */ = {
			isa = PBXSourcesBuildPhase;
			buildActionMask = 2147483647;
			files = (
				357011971FFE366200C031C4 /* TuTuNotesUITests.swift in Sources */,
			);
			runOnlyForDeploymentPostprocessing = 0;
		};
/* End PBXSourcesBuildPhase section */

/* Begin PBXTargetDependency section */
		357011891FFE366200C031C4 /* PBXTargetDependency */ = {
			isa = PBXTargetDependency;
			target = 357011711FFE366200C031C4 /* TuTuNotes */;
			targetProxy = 357011881FFE366200C031C4 /* PBXContainerItemProxy */;
		};
		357011941FFE366200C031C4 /* PBXTargetDependency */ = {
			isa = PBXTargetDependency;
			target = 357011711FFE366200C031C4 /* TuTuNotes */;
			targetProxy = 357011931FFE366200C031C4 /* PBXContainerItemProxy */;
		};
/* End PBXTargetDependency section */

/* Begin PBXVariantGroup section */
		357011791FFE366200C031C4 /* Document.xib */ = {
			isa = PBXVariantGroup;
			children = (
				3570117A1FFE366200C031C4 /* Base */,
			);
			name = Document.xib;
			sourceTree = "<group>";
		};
		3570117E1FFE366200C031C4 /* MainMenu.xib */ = {
			isa = PBXVariantGroup;
			children = (
				3570117F1FFE366200C031C4 /* Base */,
			);
			name = MainMenu.xib;
			sourceTree = "<group>";
		};
/* End PBXVariantGroup section */

/* Begin XCBuildConfiguration section */
		357011991FFE366200C031C4 /* Debug */ = {
			isa = XCBuildConfiguration;
			buildSettings = {
				ALWAYS_SEARCH_USER_PATHS = NO;
				CLANG_ANALYZER_NONNULL = YES;
				CLANG_ANALYZER_NUMBER_OBJECT_CONVERSION = YES_AGGRESSIVE;
				CLANG_CXX_LANGUAGE_STANDARD = "gnu++14";
				CLANG_CXX_LIBRARY = "libc++";
				CLANG_ENABLE_MODULES = YES;
				CLANG_ENABLE_OBJC_ARC = YES;
				CLANG_WARN_BLOCK_CAPTURE_AUTORELEASING = YES;
				CLANG_WARN_BOOL_CONVERSION = YES;
				CLANG_WARN_COMMA = YES;
				CLANG_WARN_CONSTANT_CONVERSION = YES;
				CLANG_WARN_DIRECT_OBJC_ISA_USAGE = YES_ERROR;
				CLANG_WARN_DOCUMENTATION_COMMENTS = YES;
				CLANG_WARN_EMPTY_BODY = YES;
				CLANG_WARN_ENUM_CONVERSION = YES;
				CLANG_WARN_INFINITE_RECURSION = YES;
				CLANG_WARN_INT_CONVERSION = YES;
				CLANG_WARN_NON_LITERAL_NULL_CONVERSION = YES;
				CLANG_WARN_OBJC_LITERAL_CONVERSION = YES;
				CLANG_WARN_OBJC_ROOT_CLASS = YES_ERROR;
				CLANG_WARN_RANGE_LOOP_ANALYSIS = YES;
				CLANG_WARN_STRICT_PROTOTYPES = YES;
				CLANG_WARN_SUSPICIOUS_MOVE = YES;
				CLANG_WARN_UNGUARDED_AVAILABILITY = YES_AGGRESSIVE;
				CLANG_WARN_UNREACHABLE_CODE = YES;
				CLANG_WARN__DUPLICATE_METHOD_MATCH = YES;
				CODE_SIGN_IDENTITY = "-";
				COPY_PHASE_STRIP = NO;
				DEBUG_INFORMATION_FORMAT = dwarf;
				ENABLE_STRICT_OBJC_MSGSEND = YES;
				ENABLE_TESTABILITY = YES;
				GCC_C_LANGUAGE_STANDARD = gnu11;
				GCC_DYNAMIC_NO_PIC = NO;
				GCC_NO_COMMON_BLOCKS = YES;
				GCC_OPTIMIZATION_LEVEL = 0;
				GCC_PREPROCESSOR_DEFINITIONS = (
					"DEBUG=1",
					"$(inherited)",
				);
				GCC_WARN_64_TO_32_BIT_CONVERSION = YES;
				GCC_WARN_ABOUT_RETURN_TYPE = YES_ERROR;
				GCC_WARN_UNDECLARED_SELECTOR = YES;
				GCC_WARN_UNINITIALIZED_AUTOS = YES_AGGRESSIVE;
				GCC_WARN_UNUSED_FUNCTION = YES;
				GCC_WARN_UNUSED_VARIABLE = YES;
				MACOSX_DEPLOYMENT_TARGET = 10.13;
				MTL_ENABLE_DEBUG_INFO = YES;
				ONLY_ACTIVE_ARCH = YES;
				SDKROOT = macosx;
				SWIFT_ACTIVE_COMPILATION_CONDITIONS = DEBUG;
				SWIFT_OPTIMIZATION_LEVEL = "-Onone";
			};
			name = Debug;
		};
		3570119A1FFE366200C031C4 /* Release */ = {
			isa = XCBuildConfiguration;
			buildSettings = {
				ALWAYS_SEARCH_USER_PATHS = NO;
				CLANG_ANALYZER_NONNULL = YES;
				CLANG_ANALYZER_NUMBER_OBJECT_CONVERSION = YES_AGGRESSIVE;
				CLANG_CXX_LANGUAGE_STANDARD = "gnu++14";
				CLANG_CXX_LIBRARY = "libc++";
				CLANG_ENABLE_MODULES = YES;
				CLANG_ENABLE_OBJC_ARC = YES;
				CLANG_WARN_BLOCK_CAPTURE_AUTORELEASING = YES;
				CLANG_WARN_BOOL_CONVERSION = YES;
				CLANG_WARN_COMMA = YES;
				CLANG_WARN_CONSTANT_CONVERSION = YES;
				CLANG_WARN_DIRECT_OBJC_ISA_USAGE = YES_ERROR;
				CLANG_WARN_DOCUMENTATION_COMMENTS = YES;
				CLANG_WARN_EMPTY_BODY = YES;
				CLANG_WARN_ENUM_CONVERSION = YES;
				CLANG_WARN_INFINITE_RECURSION = YES;
				CLANG_WARN_INT_CONVERSION = YES;
				CLANG_WARN_NON_LITERAL_NULL_CONVERSION = YES;
				CLANG_WARN_OBJC_LITERAL_CONVERSION = YES;
				CLANG_WARN_OBJC_ROOT_CLASS = YES_ERROR;
				CLANG_WARN_RANGE_LOOP_ANALYSIS = YES;
				CLANG_WARN_STRICT_PROTOTYPES = YES;
				CLANG_WARN_SUSPICIOUS_MOVE = YES;
				CLANG_WARN_UNGUARDED_AVAILABILITY = YES_AGGRESSIVE;
				CLANG_WARN_UNREACHABLE_CODE = YES;
				CLANG_WARN__DUPLICATE_METHOD_MATCH = YES;
				CODE_SIGN_IDENTITY = "-";
				COPY_PHASE_STRIP = NO;
				DEBUG_INFORMATION_FORMAT = "dwarf-with-dsym";
				ENABLE_NS_ASSERTIONS = NO;
				ENABLE_STRICT_OBJC_MSGSEND = YES;
				GCC_C_LANGUAGE_STANDARD = gnu11;
				GCC_NO_COMMON_BLOCKS = YES;
				GCC_WARN_64_TO_32_BIT_CONVERSION = YES;
				GCC_WARN_ABOUT_RETURN_TYPE = YES_ERROR;
				GCC_WARN_UNDECLARED_SELECTOR = YES;
				GCC_WARN_UNINITIALIZED_AUTOS = YES_AGGRESSIVE;
				GCC_WARN_UNUSED_FUNCTION = YES;
				GCC_WARN_UNUSED_VARIABLE = YES;
				MACOSX_DEPLOYMENT_TARGET = 10.13;
				MTL_ENABLE_DEBUG_INFO = NO;
				SDKROOT = macosx;
				SWIFT_OPTIMIZATION_LEVEL = "-Owholemodule";
			};
			name = Release;
		};
		3570119C1FFE366200C031C4 /* Debug */ = {
			isa = XCBuildConfiguration;
			buildSettings = {
				ASSETCATALOG_COMPILER_APPICON_NAME = AppIcon;
				CODE_SIGN_ENTITLEMENTS = TuTuNotes/TuTuNotes.entitlements;
				CODE_SIGN_STYLE = Automatic;
				COMBINE_HIDPI_IMAGES = YES;
				INFOPLIST_FILE = TuTuNotes/Info.plist;
				LD_RUNPATH_SEARCH_PATHS = "$(inherited) @executable_path/../Frameworks";
				PRODUCT_BUNDLE_IDENTIFIER = com.HYS.TuTuNotes;
				PRODUCT_NAME = "$(TARGET_NAME)";
				SWIFT_VERSION = 4.0;
			};
			name = Debug;
		};
		3570119D1FFE366200C031C4 /* Release */ = {
			isa = XCBuildConfiguration;
			buildSettings = {
				ASSETCATALOG_COMPILER_APPICON_NAME = AppIcon;
				CODE_SIGN_ENTITLEMENTS = TuTuNotes/TuTuNotes.entitlements;
				CODE_SIGN_STYLE = Automatic;
				COMBINE_HIDPI_IMAGES = YES;
				INFOPLIST_FILE = TuTuNotes/Info.plist;
				LD_RUNPATH_SEARCH_PATHS = "$(inherited) @executable_path/../Frameworks";
				PRODUCT_BUNDLE_IDENTIFIER = com.HYS.TuTuNotes;
				PRODUCT_NAME = "$(TARGET_NAME)";
				SWIFT_VERSION = 4.0;
			};
			name = Release;
		};
		3570119F1FFE366200C031C4 /* Debug */ = {
			isa = XCBuildConfiguration;
			buildSettings = {
				ALWAYS_EMBED_SWIFT_STANDARD_LIBRARIES = YES;
				BUNDLE_LOADER = "$(TEST_HOST)";
				CODE_SIGN_STYLE = Automatic;
				COMBINE_HIDPI_IMAGES = YES;
				INFOPLIST_FILE = TuTuNotesTests/Info.plist;
				LD_RUNPATH_SEARCH_PATHS = "$(inherited) @executable_path/../Frameworks @loader_path/../Frameworks";
				PRODUCT_BUNDLE_IDENTIFIER = com.HYS.TuTuNotesTests;
				PRODUCT_NAME = "$(TARGET_NAME)";
				SWIFT_VERSION = 4.0;
				TEST_HOST = "$(BUILT_PRODUCTS_DIR)/TuTuNotes.app/Contents/MacOS/TuTuNotes";
			};
			name = Debug;
		};
		357011A01FFE366200C031C4 /* Release */ = {
			isa = XCBuildConfiguration;
			buildSettings = {
				ALWAYS_EMBED_SWIFT_STANDARD_LIBRARIES = YES;
				BUNDLE_LOADER = "$(TEST_HOST)";
				CODE_SIGN_STYLE = Automatic;
				COMBINE_HIDPI_IMAGES = YES;
				INFOPLIST_FILE = TuTuNotesTests/Info.plist;
				LD_RUNPATH_SEARCH_PATHS = "$(inherited) @executable_path/../Frameworks @loader_path/../Frameworks";
				PRODUCT_BUNDLE_IDENTIFIER = com.HYS.TuTuNotesTests;
				PRODUCT_NAME = "$(TARGET_NAME)";
				SWIFT_VERSION = 4.0;
				TEST_HOST = "$(BUILT_PRODUCTS_DIR)/TuTuNotes.app/Contents/MacOS/TuTuNotes";
			};
			name = Release;
		};
		357011A21FFE366200C031C4 /* Debug */ = {
			isa = XCBuildConfiguration;
			buildSettings = {
				ALWAYS_EMBED_SWIFT_STANDARD_LIBRARIES = YES;
				CODE_SIGN_STYLE = Automatic;
				COMBINE_HIDPI_IMAGES = YES;
				INFOPLIST_FILE = TuTuNotesUITests/Info.plist;
				LD_RUNPATH_SEARCH_PATHS = "$(inherited) @executable_path/../Frameworks @loader_path/../Frameworks";
				PRODUCT_BUNDLE_IDENTIFIER = com.HYS.TuTuNotesUITests;
				PRODUCT_NAME = "$(TARGET_NAME)";
				SWIFT_VERSION = 4.0;
				TEST_TARGET_NAME = TuTuNotes;
			};
			name = Debug;
		};
		357011A31FFE366200C031C4 /* Release */ = {
			isa = XCBuildConfiguration;
			buildSettings = {
				ALWAYS_EMBED_SWIFT_STANDARD_LIBRARIES = YES;
				CODE_SIGN_STYLE = Automatic;
				COMBINE_HIDPI_IMAGES = YES;
				INFOPLIST_FILE = TuTuNotesUITests/Info.plist;
				LD_RUNPATH_SEARCH_PATHS = "$(inherited) @executable_path/../Frameworks @loader_path/../Frameworks";
				PRODUCT_BUNDLE_IDENTIFIER = com.HYS.TuTuNotesUITests;
				PRODUCT_NAME = "$(TARGET_NAME)";
				SWIFT_VERSION = 4.0;
				TEST_TARGET_NAME = TuTuNotes;
			};
			name = Release;
		};
/* End XCBuildConfiguration section */

/* Begin XCConfigurationList section */
		3570116D1FFE366100C031C4 /* Build configuration list for PBXProject "TuTuNotes" */ = {
			isa = XCConfigurationList;
			buildConfigurations = (
				357011991FFE366200C031C4 /* Debug */,
				3570119A1FFE366200C031C4 /* Release */,
			);
			defaultConfigurationIsVisible = 0;
			defaultConfigurationName = Release;
		};
		3570119B1FFE366200C031C4 /* Build configuration list for PBXNativeTarget "TuTuNotes" */ = {
			isa = XCConfigurationList;
			buildConfigurations = (
				3570119C1FFE366200C031C4 /* Debug */,
				3570119D1FFE366200C031C4 /* Release */,
			);
			defaultConfigurationIsVisible = 0;
			defaultConfigurationName = Release;
		};
		3570119E1FFE366200C031C4 /* Build configuration list for PBXNativeTarget "TuTuNotesTests" */ = {
			isa = XCConfigurationList;
			buildConfigurations = (
				3570119F1FFE366200C031C4 /* Debug */,
				357011A01FFE366200C031C4 /* Release */,
			);
			defaultConfigurationIsVisible = 0;
			defaultConfigurationName = Release;
		};
		357011A11FFE366200C031C4 /* Build configuration list for PBXNativeTarget "TuTuNotesUITests" */ = {
			isa = XCConfigurationList;
			buildConfigurations = (
				357011A21FFE366200C031C4 /* Debug */,
				357011A31FFE366200C031C4 /* Release */,
			);
			defaultConfigurationIsVisible = 0;
			defaultConfigurationName = Release;
		};
/* End XCConfigurationList section */
	};
	rootObject = 3570116A1FFE366100C031C4 /* Project object */;
}
